
Microsoft Visual Studio Solution File, Format Version 12.00
# Visual Studio 15
VisualStudioVersion = 15.0.28010.2036
MinimumVisualStudioVersion = 10.0.40219.1
Project("{FAE04EC0-301F-11D3-BF4B-00C04F79EFBC}") = "CirculosExplicacion", "CirculosExplicacion\CirculosExplicacion.csproj", "{1CB62398-2DA4-4F7B-A83D-9D3D7395E0EE}"
EndProject
Global
	GlobalSection(SolutionConfigurationPlatforms) = preSolution
		Debug|Any CPU = Debug|Any CPU
		Release|Any CPU = Release|Any CPU
	EndGlobalSection
	GlobalSection(ProjectConfigurationPlatforms) = postSolution
		{1CB62398-2DA4-4F7B-A83D-9D3D7395E0EE}.Debug|Any CPU.ActiveCfg = Debug|Any CPU
		{1CB62398-2DA4-4F7B-A83D-9D3D7395E0EE}.Debug|Any CPU.Build.0 = Debug|Any CPU
		{1CB62398-2DA4-4F7B-A83D-9D3D7395E0EE}.Release|Any CPU.ActiveCfg = Release|Any CPU
		{1CB62398-2DA4-4F7B-A83D-9D3D7395E0EE}.Release|Any CPU.Build.0 = Release|Any CPU
	EndGlobalSection
	GlobalSection(SolutionProperties) = preSolution
		HideSolutionNode = FALSE
	EndGlobalSection
	GlobalSection(ExtensibilityGlobals) = postSolution
		SolutionGuid = {EBD62C69-06CA-4BAB-9826-0779E70A80FF}
	EndGlobalSection
EndGlobal
